
Microsoft Visual Studio Solution File, Format Version 12.00
# Visual Studio 2012
Project("{FAE04EC0-301F-11D3-BF4B-00C04F79EFBC}") = "DestinyClanData", "DestinyClanData\DestinyClanData.csproj", "{A3DC589D-DC76-4130-836A-C042812D1095}"
EndProject
Global
	GlobalSection(SolutionConfigurationPlatforms) = preSolution
		Debug|Any CPU = Debug|Any CPU
		Release|Any CPU = Release|Any CPU
	EndGlobalSection
	GlobalSection(ProjectConfigurationPlatforms) = postSolution
		{A3DC589D-DC76-4130-836A-C042812D1095}.Debug|Any CPU.ActiveCfg = Debug|Any CPU
		{A3DC589D-DC76-4130-836A-C042812D1095}.Debug|Any CPU.Build.0 = Debug|Any CPU
		{A3DC589D-DC76-4130-836A-C042812D1095}.Release|Any CPU.ActiveCfg = Release|Any CPU
		{A3DC589D-DC76-4130-836A-C042812D1095}.Release|Any CPU.Build.0 = Release|Any CPU
	EndGlobalSection
EndGlobal
